<?xml version="1.0" encoding="utf-8"?>
<Project ToolsVersion="4.0" xmlns="http://schemas.microsoft.com/developer/msbuild/2003">
  <ItemGroup>
    <Filter Include="Source Files">
      <UniqueIdentifier>{4FC737F1-C7A5-4376-A066-2A32D752A2FF}</UniqueIdentifier>
      <Extensions>cpp;c;cc;cxx;def;odl;idl;hpj;bat;asm;asmx</Extensions>
    </Filter>
    <Filter Include="Header Files">
      <UniqueIdentifier>{93995380-89BD-4b04-88EB-625FBE52EBFB}</UniqueIdentifier>
      <Extensions>h;hpp;hxx;hm;inl;inc;xsd</Extensions>
    </Filter>
    <Filter Include="Resource Files">
      <UniqueIdentifier>{67DA6AB6-F800-4c08-8B7A-83BB121AAD01}</UniqueIdentifier>
      <Extensions>rc;ico;cur;bmp;dlg;rc2;rct;bin;rgs;gif;jpg;jpeg;jpe;resx;tiff;tif;png;wav;mfcribbon-ms</Extensions>
    </Filter>
  </ItemGroup>
  <ItemGroup>
    <None Include="ReadMe.txt" />
    <None Include="res\SolidSBCResultViewer.rc2">
      <Filter>Resource Files</Filter>
    </None>
    <None Include="res\SolidSBCResultViewerDoc.ico">
      <Filter>Resource Files</Filter>
    </None>
    <None Include="res\SolidSBCResultViewer.ico">
      <Filter>Resource Files</Filter>
    </None>
    <None Include="res\SolidSBCClientList.ico">
      <Filter>Resource Files</Filter>
    </None>
    <None Include="res\SolidSBCClientListView.ico">
      <Filter>Resource Files</Filter>
    </None>
    <None Include="res\SolidSBCClientHistoryForm.ico">
      <Filter>Resource Files</Filter>
    </None>
    <None Include="res\SolidSBCMemoryResultView.ico">
      <Filter>Resource Files</Filter>
    </None>
    <None Include="res\SolidSBCCPUMeasureResultView.ico">
      <Filter>Resource Files</Filter>
    </None>
    <None Include="res\SolidSBCHDResultView.ico">
      <Filter>Resource Files</Filter>
    </None>
    <None Include="res\SolidSBCPingResultView.ico">
      <Filter>Resource Files</Filter>
    </None>
    <None Include="res\SolidSBCTCPConResultView.ico">
      <Filter>Resource Files</Filter>
    </None>
  </ItemGroup>
  <ItemGroup>
    <ClInclude Include="SolidSBCResultViewer.h">
      <Filter>Header Files</Filter>
    </ClInclude>
    <ClInclude Include="stdafx.h">
      <Filter>Header Files</Filter>
    </ClInclude>
    <ClInclude Include="targetver.h">
      <Filter>Header Files</Filter>
    </ClInclude>
    <ClInclude Include="MainFrm.h">
      <Filter>Header Files</Filter>
    </ClInclude>
    <ClInclude Include="ChildFrm.h">
      <Filter>Header Files</Filter>
    </ClInclude>
    <ClInclude Include="SolidSBCResultViewerDoc.h">
      <Filter>Header Files</Filter>
    </ClInclude>
    <ClInclude Include="SolidSBCResultViewerView.h">
      <Filter>Header Files</Filter>
    </ClInclude>
    <ClInclude Include="Resource.h">
      <Filter>Header Files</Filter>
    </ClInclude>
    <ClInclude Include="DatabaseConnection.h">
      <Filter>Header Files</Filter>
    </ClInclude>
    <ClInclude Include="SolidSBCClientListDoc.h">
      <Filter>Header Files</Filter>
    </ClInclude>
    <ClInclude Include="SolidSBCClientListView.h">
      <Filter>Header Files</Filter>
    </ClInclude>
    <ClInclude Include="SolidSBCClientHistoryDoc.h">
      <Filter>Header Files</Filter>
    </ClInclude>
    <ClInclude Include="SolidSBCClientHistoryView.h">
      <Filter>Header Files</Filter>
    </ClInclude>
    <ClInclude Include="SolidSBCMemoryResultDoc.h">
      <Filter>Header Files</Filter>
    </ClInclude>
    <ClInclude Include="SolidSBCMemoryResultView.h">
      <Filter>Header Files</Filter>
    </ClInclude>
    <ClInclude Include="SolidSBCCPUMeasureResultDoc.h">
      <Filter>Header Files</Filter>
    </ClInclude>
    <ClInclude Include="SolidSBCCPUMeasureResultView.h">
      <Filter>Header Files</Filter>
    </ClInclude>
    <ClInclude Include="SolidSBCHDResultDoc.h">
      <Filter>Header Files</Filter>
    </ClInclude>
    <ClInclude Include="SolidSBCHDResultView.h">
      <Filter>Header Files</Filter>
    </ClInclude>
    <ClInclude Include="SolidSBCPingResultDoc.h">
      <Filter>Header Files</Filter>
    </ClInclude>
    <ClInclude Include="SolidSBCPingResultView.h">
      <Filter>Header Files</Filter>
    </ClInclude>
    <ClInclude Include="SolidSBCTCPConResultDoc.h">
      <Filter>Header Files</Filter>
    </ClInclude>
    <ClInclude Include="SolidSBCTCPConResultView.h">
      <Filter>Header Files</Filter>
    </ClInclude>
    <ClInclude Include="ResultContextMenu.h">
      <Filter>Header Files</Filter>
    </ClInclude>
    <ClInclude Include="SolidSBCTimeChooseDlg.h">
      <Filter>Header Files</Filter>
    </ClInclude>
    <ClInclude Include="SolidSBCConfigFile.h">
      <Filter>Header Files</Filter>
    </ClInclude>
  </ItemGroup>
  <ItemGroup>
    <ClCompile Include="SolidSBCResultViewer.cpp">
      <Filter>Source Files</Filter>
    </ClCompile>
    <ClCompile Include="stdafx.cpp">
      <Filter>Source Files</Filter>
    </ClCompile>
    <ClCompile Include="MainFrm.cpp">
      <Filter>Source Files</Filter>
    </ClCompile>
    <ClCompile Include="ChildFrm.cpp">
      <Filter>Source Files</Filter>
    </ClCompile>
    <ClCompile Include="SolidSBCResultViewerDoc.cpp">
      <Filter>Source Files</Filter>
    </ClCompile>
    <ClCompile Include="SolidSBCResultViewerView.cpp">
      <Filter>Source Files</Filter>
    </ClCompile>
    <ClCompile Include="DatabaseConnection.cpp">
      <Filter>Source Files</Filter>
    </ClCompile>
    <ClCompile Include="SolidSBCClientListDoc.cpp">
      <Filter>Source Files</Filter>
    </ClCompile>
    <ClCompile Include="SolidSBCClientListView.cpp">
      <Filter>Source Files</Filter>
    </ClCompile>
    <ClCompile Include="SolidSBCClientHistoryDoc.cpp">
      <Filter>Source Files</Filter>
    </ClCompile>
    <ClCompile Include="SolidSBCClientHistoryView.cpp">
      <Filter>Source Files</Filter>
    </ClCompile>
    <ClCompile Include="SolidSBCMemoryResultDoc.cpp">
      <Filter>Source Files</Filter>
    </ClCompile>
    <ClCompile Include="SolidSBCMemoryResultView.cpp">
      <Filter>Source Files</Filter>
    </ClCompile>
    <ClCompile Include="SolidSBCCPUMeasureResultDoc.cpp">
      <Filter>Source Files</Filter>
    </ClCompile>
    <ClCompile Include="SolidSBCCPUMeasureResultView.cpp">
      <Filter>Source Files</Filter>
    </ClCompile>
    <ClCompile Include="SolidSBCHDResultDoc.cpp">
      <Filter>Source Files</Filter>
    </ClCompile>
    <ClCompile Include="SolidSBCHDResultView.cpp">
      <Filter>Source Files</Filter>
    </ClCompile>
    <ClCompile Include="SolidSBCPingResultDoc.cpp">
      <Filter>Source Files</Filter>
    </ClCompile>
    <ClCompile Include="SolidSBCPingResultView.cpp">
      <Filter>Source Files</Filter>
    </ClCompile>
    <ClCompile Include="SolidSBCTCPConResultDoc.cpp">
      <Filter>Source Files</Filter>
    </ClCompile>
    <ClCompile Include="SolidSBCTCPConResultView.cpp">
      <Filter>Source Files</Filter>
    </ClCompile>
    <ClCompile Include="ResultContextMenu.cpp">
      <Filter>Source Files</Filter>
    </ClCompile>
    <ClCompile Include="SolidSBCTimeChooseDlg.cpp">
      <Filter>Source Files</Filter>
    </ClCompile>
    <ClCompile Include="SolidSBCConfigFile.cpp">
      <Filter>Source Files</Filter>
    </ClCompile>
  </ItemGroup>
  <ItemGroup>
    <ResourceCompile Include="SolidSBCResultViewer.rc">
      <Filter>Resource Files</Filter>
    </ResourceCompile>
  </ItemGroup>
</Project>